
Microsoft Visual Studio Solution File, Format Version 12.00
# Visual Studio Version 16
VisualStudioVersion = 16.0.31410.357
MinimumVisualStudioVersion = 10.0.40219.1
Project("{FAE04EC0-301F-11D3-BF4B-00C04F79EFBC}") = "GomokuBlazor", "GomokuBlazor\GomokuBlazor.csproj", "{ABA07676-569B-456A-9209-26CE92F4089A}"
EndProject
Global
	GlobalSection(SolutionConfigurationPlatforms) = preSolution
		Debug|Any CPU = Debug|Any CPU
		Release|Any CPU = Release|Any CPU
	EndGlobalSection
	GlobalSection(ProjectConfigurationPlatforms) = postSolution
		{ABA07676-569B-456A-9209-26CE92F4089A}.Debug|Any CPU.ActiveCfg = Debug|Any CPU
		{ABA07676-569B-456A-9209-26CE92F4089A}.Debug|Any CPU.Build.0 = Debug|Any CPU
		{ABA07676-569B-456A-9209-26CE92F4089A}.Release|Any CPU.ActiveCfg = Release|Any CPU
		{ABA07676-569B-456A-9209-26CE92F4089A}.Release|Any CPU.Build.0 = Release|Any CPU
	EndGlobalSection
	GlobalSection(SolutionProperties) = preSolution
		HideSolutionNode = FALSE
	EndGlobalSection
	GlobalSection(ExtensibilityGlobals) = postSolution
		SolutionGuid = {842BF511-5578-41F4-AB9F-3109735DCBA8}
	EndGlobalSection
EndGlobal
